# THIS IS AN AUTOGENERATED FILE. DO NOT EDIT THIS FILE DIRECTLY.
# yarn lockfile v1


bignumber.js@^9.0.0:
  version "9.0.0"
  resolved "https://registry.yarnpkg.com/bignumber.js/-/bignumber.js-9.0.0.tgz#805880f84a329b5eac6e7cb6f8274b6d82bdf075"
  integrity sha512-t/OYhhJ2SD+YGBQcjY8GzzDHEk9f3nerxjtfa6tlMXfe7frs/WozhvCNoGvpM0P3bNf3Gq5ZRMlGr5f3r4/N8A==

cbor@^5.0.1:
  version "5.0.1"
  resolved "https://registry.yarnpkg.com/cbor/-/cbor-5.0.1.tgz#243eea46b19c6e54ffb18fb07fa52c1c627a6f05"
  integrity sha512-l4ghwqioCyuAaD3LvY4ONwv8NMuERz62xjbMHGdWBqERJPygVmoFER1b4+VS6iW0rXwoVGuKZPPPTofwWOg3YQ==
  dependencies:
    bignumber.js "^9.0.0"
    nofilter "^1.0.3"

commander@^4.0.1:
  version "4.1.1"
  resolved "https://registry.yarnpkg.com/commander/-/commander-4.1.1.tgz#9fd602bd936294e9e9ef46a3f4d6964044b18068"
  integrity sha512-NOKm8xhkzAjzFx8B2v5OAHT+u5pRQc2UCa2Vq9jYL/31o2wi9mxBA7LIFs3sV5VSC49z6pEhfbMULvShKj26WA==

mime@^2.4.4:
  version "2.4.4"
  resolved "https://registry.yarnpkg.com/mime/-/mime-2.4.4.tgz#bd7b91135fc6b01cde3e9bae33d659b63d8857e5"
  integrity sha512-LRxmNwziLPT828z+4YkNzloCFC2YM4wrB99k+AV5ZbEyfGNWfG8SO1FUXLmLDBSo89NrJZ4DIWeLjy1CHGhMGA==

nofilter@^1.0.3:
  version "1.0.3"
  resolved "https://registry.yarnpkg.com/nofilter/-/nofilter-1.0.3.tgz#34e54b4cc9757de0cad38cc0d19462489b1b7f5d"
  integrity sha512-FlUlqwRK6reQCaFLAhMcF+6VkVG2caYjKQY3YsRDTl4/SEch595Qb3oLjJRDr8dkHAAOVj2pOx3VknfnSgkE5g==

wbn@^0.0.4:
  version "0.0.4"
  resolved "https://registry.yarnpkg.com/wbn/-/wbn-0.0.4.tgz#db8ca49c592b442a20faa54919c1ef093022336c"
  integrity sha512-p1kwDDCrZ56udSitL3tcO24KMz4cxQK9pkyAM8J4vUN1fwZPZiFF4Vg5IdcaxAOu6m5A76/0unTTmL8GXf2iAw==
  dependencies:
    cbor "^5.0.1"
    commander "^4.0.1"
    mime "^2.4.4"
